// !$*UTF8*$!
{
	archiveVersion = 1;
	classes = {
	};
	objectVersion = 55;
	objects = {

/* Begin PBXFileReference section */
		60F5CC4128888FB90069E91F /* find_duplicate.cpp */ = {isa = PBXFileReference; lastKnownFileType = sourcecode.cpp.cpp; path = find_duplicate.cpp; sourceTree = "<group>"; };
		60F5CC4228888FE90069E91F /* max_subarray.cpp */ = {isa = PBXFileReference; lastKnownFileType = sourcecode.cpp.cpp; path = max_subarray.cpp; sourceTree = "<group>"; };
		60F5CC432889A5FF0069E91F /* two_sum.cpp */ = {isa = PBXFileReference; lastKnownFileType = sourcecode.cpp.cpp; path = two_sum.cpp; sourceTree = "<group>"; };
		60F5CC452889B0130069E91F /* merge_sorted_array.cpp */ = {isa = PBXFileReference; lastKnownFileType = sourcecode.cpp.cpp; path = merge_sorted_array.cpp; sourceTree = "<group>"; };
/* End PBXFileReference section */

/* Begin PBXGroup section */
		60F5CC3728888CFA0069E91F = {
			isa = PBXGroup;
			children = (
				60F5CC442889A7D00069E91F /* 14 Day DS */,
			);
			sourceTree = "<group>";
		};
		60F5CC442889A7D00069E91F /* 14 Day DS */ = {
			isa = PBXGroup;
			children = (
				60F5CC432889A5FF0069E91F /* two_sum.cpp */,
				60F5CC4228888FE90069E91F /* max_subarray.cpp */,
				60F5CC4128888FB90069E91F /* find_duplicate.cpp */,
				60F5CC452889B0130069E91F /* merge_sorted_array.cpp */,
			);
			path = "14 Day DS";
			sourceTree = "<group>";
		};
/* End PBXGroup section */

/* Begin PBXProject section */
		60F5CC3828888CFA0069E91F /* Project object */ = {
			isa = PBXProject;
			attributes = {
				BuildIndependentTargetsInParallel = 1;
				LastUpgradeCheck = 1340;
			};
			buildConfigurationList = 60F5CC3B28888CFA0069E91F /* Build configuration list for PBXProject "Leetcode Solutions" */;
			compatibilityVersion = "Xcode 13.0";
			developmentRegion = en;
			hasScannedForEncodings = 0;
			knownRegions = (
				en,
				Base,
			);
			mainGroup = 60F5CC3728888CFA0069E91F;
			projectDirPath = "";
			projectRoot = "";
			targets = (
			);
		};
/* End PBXProject section */

/* Begin XCBuildConfiguration section */
		60F5CC3C28888CFA0069E91F /* Debug */ = {
			isa = XCBuildConfiguration;
			buildSettings = {
			};
			name = Debug;
		};
		60F5CC3D28888CFA0069E91F /* Release */ = {
			isa = XCBuildConfiguration;
			buildSettings = {
			};
			name = Release;
		};
/* End XCBuildConfiguration section */

/* Begin XCConfigurationList section */
		60F5CC3B28888CFA0069E91F /* Build configuration list for PBXProject "Leetcode Solutions" */ = {
			isa = XCConfigurationList;
			buildConfigurations = (
				60F5CC3C28888CFA0069E91F /* Debug */,
				60F5CC3D28888CFA0069E91F /* Release */,
			);
			defaultConfigurationIsVisible = 0;
			defaultConfigurationName = Release;
		};
/* End XCConfigurationList section */
	};
	rootObject = 60F5CC3828888CFA0069E91F /* Project object */;
}
